
Microsoft Visual Studio Solution File, Format Version 12.00
# Visual Studio Version 17
VisualStudioVersion = 17.7.34018.315
MinimumVisualStudioVersion = 10.0.40219.1
Project("{FAE04EC0-301F-11D3-BF4B-00C04F79EFBC}") = "YTPlayer", "YTPlayer.csproj", "{B257C1E1-72D0-43CD-B7C1-CDDD2821D44D}"
EndProject
Global
	GlobalSection(SolutionConfigurationPlatforms) = preSolution
		Debug|Any CPU = Debug|Any CPU
		Release|Any CPU = Release|Any CPU
	EndGlobalSection
	GlobalSection(ProjectConfigurationPlatforms) = postSolution
		{B257C1E1-72D0-43CD-B7C1-CDDD2821D44D}.Debug|Any CPU.ActiveCfg = Debug|Any CPU
		{B257C1E1-72D0-43CD-B7C1-CDDD2821D44D}.Debug|Any CPU.Build.0 = Debug|Any CPU
		{B257C1E1-72D0-43CD-B7C1-CDDD2821D44D}.Debug|Any CPU.Deploy.0 = Debug|Any CPU
		{B257C1E1-72D0-43CD-B7C1-CDDD2821D44D}.Release|Any CPU.ActiveCfg = Release|Any CPU
		{B257C1E1-72D0-43CD-B7C1-CDDD2821D44D}.Release|Any CPU.Build.0 = Release|Any CPU
		{B257C1E1-72D0-43CD-B7C1-CDDD2821D44D}.Release|Any CPU.Deploy.0 = Release|Any CPU
	EndGlobalSection
	GlobalSection(SolutionProperties) = preSolution
		HideSolutionNode = FALSE
	EndGlobalSection
	GlobalSection(ExtensibilityGlobals) = postSolution
		SolutionGuid = {30460549-ACA5-42A5-A83D-B66D03EBFDBF}
	EndGlobalSection
EndGlobal
